
Microsoft Visual Studio Solution File, Format Version 12.00
# Visual Studio 15
VisualStudioVersion = 15.0.27428.2037
MinimumVisualStudioVersion = 10.0.40219.1
Project("{FAE04EC0-301F-11D3-BF4B-00C04F79EFBC}") = "Console", "Draughts\Console.csproj", "{703E4F4D-7AD7-4EAE-9F6E-4969920724E1}"
EndProject
Project("{FAE04EC0-301F-11D3-BF4B-00C04F79EFBC}") = "DraughtsGUI", "DraughtsGUI\DraughtsGUI.csproj", "{89FE0ACF-2A28-4EF0-BF7F-47CC9F41F59F}"
EndProject
Project("{2150E333-8FDC-42A3-9474-1A3956D46DE8}") = "Solution Items", "Solution Items", "{D957CB4D-F1FF-4EED-858F-DE17D6B0795F}"
	ProjectSection(SolutionItems) = preProject
		BugsAndIssues.txt = BugsAndIssues.txt
		newpruned.txt = newpruned.txt
		oldpruned.txt = oldpruned.txt
		Search Tree.txt = Search Tree.txt
		WithoutPruningLog.txt = WithoutPruningLog.txt
		WithPruningLog.txt = WithPruningLog.txt
	EndProjectSection
EndProject
Project("{888888A0-9F3D-457C-B088-3A5042F75D52}") = "BoardsaveToBoardgen", "BoardsaveToBoardgen\BoardsaveToBoardgen.pyproj", "{1F9DDF6B-D5AD-4384-BA5F-3A9419083C84}"
EndProject
Global
	GlobalSection(SolutionConfigurationPlatforms) = preSolution
		Debug|Any CPU = Debug|Any CPU
		Release|Any CPU = Release|Any CPU
	EndGlobalSection
	GlobalSection(ProjectConfigurationPlatforms) = postSolution
		{703E4F4D-7AD7-4EAE-9F6E-4969920724E1}.Debug|Any CPU.ActiveCfg = Debug|Any CPU
		{703E4F4D-7AD7-4EAE-9F6E-4969920724E1}.Debug|Any CPU.Build.0 = Debug|Any CPU
		{703E4F4D-7AD7-4EAE-9F6E-4969920724E1}.Release|Any CPU.ActiveCfg = Release|Any CPU
		{703E4F4D-7AD7-4EAE-9F6E-4969920724E1}.Release|Any CPU.Build.0 = Release|Any CPU
		{89FE0ACF-2A28-4EF0-BF7F-47CC9F41F59F}.Debug|Any CPU.ActiveCfg = Debug|Any CPU
		{89FE0ACF-2A28-4EF0-BF7F-47CC9F41F59F}.Debug|Any CPU.Build.0 = Debug|Any CPU
		{89FE0ACF-2A28-4EF0-BF7F-47CC9F41F59F}.Release|Any CPU.ActiveCfg = Release|Any CPU
		{89FE0ACF-2A28-4EF0-BF7F-47CC9F41F59F}.Release|Any CPU.Build.0 = Release|Any CPU
		{1F9DDF6B-D5AD-4384-BA5F-3A9419083C84}.Debug|Any CPU.ActiveCfg = Debug|Any CPU
		{1F9DDF6B-D5AD-4384-BA5F-3A9419083C84}.Release|Any CPU.ActiveCfg = Release|Any CPU
	EndGlobalSection
	GlobalSection(SolutionProperties) = preSolution
		HideSolutionNode = FALSE
	EndGlobalSection
	GlobalSection(ExtensibilityGlobals) = postSolution
		SolutionGuid = {BA675DC2-1E87-4E8A-A000-D1EB0F7955A4}
	EndGlobalSection
EndGlobal
